<?xml version="1.0" encoding="utf-8"?>
<Project ToolsVersion="4.0" xmlns="http://schemas.microsoft.com/developer/msbuild/2003">
  <ItemGroup>
    <Filter Include="Assets">
      <UniqueIdentifier>801378ad-192a-4f78-a323-6fe7b1871a19</UniqueIdentifier>
      <Extensions>ico;cur;bmp;dds;dlg;fbx;rct;bin;rgs;gif;jpg;jpeg;jpe;resx;tga;tiff;tif;png;wav;mfcribbon-ms</Extensions>
    </Filter>
    <Filter Include="Keyboard">
      <UniqueIdentifier>{93ef020d-7b82-4d7e-9799-c8717a112fb6}</UniqueIdentifier>
    </Filter>
    <Filter Include="Imgui">
      <UniqueIdentifier>{1be67480-a7a6-47e9-b210-b0474df2a890}</UniqueIdentifier>
    </Filter>
    <Filter Include="EventManager">
      <UniqueIdentifier>{671a501b-091c-4e87-addb-9bc1bd283782}</UniqueIdentifier>
    </Filter>
    <Filter Include="Physics">
      <UniqueIdentifier>{b402680c-de7d-4f91-846f-8d852495f32b}</UniqueIdentifier>
    </Filter>
  </ItemGroup>
  <ItemGroup>
    <ClInclude Include="pch.h" />
    <ClInclude Include="Game.h" />
    <ClInclude Include="StepTimer.h" />
    <ClInclude Include="GameObject.h" />
    <ClInclude Include="Entity.h" />
    <ClInclude Include="Math.h" />
    <ClInclude Include="guicon.h" />
    <ClInclude Include="Camera.h" />
    <ClInclude Include="MovingEntity.h" />
    <ClInclude Include="Bot.h" />
    <ClInclude Include="Keyboard\KeyboardClass.h">
      <Filter>Keyboard</Filter>
    </ClInclude>
    <ClInclude Include="Keyboard\KeyboardEvent.h">
      <Filter>Keyboard</Filter>
    </ClInclude>
    <ClInclude Include="Graphics\Graphics.h" />
    <ClInclude Include="Vertex.h" />
    <ClInclude Include="Shaders.h" />
    <ClInclude Include="VertexBuffer.h" />
    <ClInclude Include="IndexBuffer.h" />
    <ClInclude Include="ConstantBufferTypes.h" />
    <ClInclude Include="ConstantBuffer.h" />
    <ClInclude Include="Timer.h" />
    <ClInclude Include="Imgui\imgui_impl_dx11.h">
      <Filter>Imgui</Filter>
    </ClInclude>
    <ClInclude Include="Imgui\imgui_impl_win32.h">
      <Filter>Imgui</Filter>
    </ClInclude>
    <ClInclude Include="Imgui\imgui_internal.h">
      <Filter>Imgui</Filter>
    </ClInclude>
    <ClInclude Include="Imgui\imstb_rectpack.h">
      <Filter>Imgui</Filter>
    </ClInclude>
    <ClInclude Include="Imgui\imstb_textedit.h">
      <Filter>Imgui</Filter>
    </ClInclude>
    <ClInclude Include="Imgui\imstb_truetype.h">
      <Filter>Imgui</Filter>
    </ClInclude>
    <ClInclude Include="Imgui\imconfig.h">
      <Filter>Imgui</Filter>
    </ClInclude>
    <ClInclude Include="Imgui\imgui.h">
      <Filter>Imgui</Filter>
    </ClInclude>
    <ClInclude Include="GameModel.h" />
    <ClInclude Include="Mesh.h" />
    <ClInclude Include="Texture.h" />
    <ClInclude Include="StringHelper.h" />
    <ClInclude Include="RenderableGameObject.h" />
    <ClInclude Include="Light.h" />
    <ClInclude Include="templates.h" />
    <ClInclude Include="Saitama.h" />
    <ClInclude Include="GameObjectFactory.h" />
    <ClInclude Include="GameObjectComponent.h" />
    <ClInclude Include="XMLLoader.h" />
    <ClInclude Include="RenderComponent.h" />
    <ClInclude Include="TransformComponent.h" />
    <ClInclude Include="SceneNode.h" />
    <ClInclude Include="ISceneNode.h" />
    <ClInclude Include="Scene.h" />
    <ClInclude Include="MatrixStack.h" />
    <ClInclude Include="IRenderer.h" />
    <ClInclude Include="D3DRenderer11.h" />
    <ClInclude Include="Lights.h" />
    <ClInclude Include="EventManager.h">
      <Filter>EventManager</Filter>
    </ClInclude>
    <ClInclude Include="FastDelegate.h">
      <Filter>EventManager</Filter>
    </ClInclude>
    <ClInclude Include="FastDelegateBind.h">
      <Filter>EventManager</Filter>
    </ClInclude>
    <ClInclude Include="EventManagerImpl.h">
      <Filter>EventManager</Filter>
    </ClInclude>
    <ClInclude Include="Events.h">
      <Filter>EventManager</Filter>
    </ClInclude>
    <ClInclude Include="MovementController.h" />
    <ClInclude Include="SkyNode.h" />
    <ClInclude Include="GameLogic.h" />
    <ClInclude Include="PhysicsComponent.h">
      <Filter>Physics</Filter>
    </ClInclude>
    <ClInclude Include="PhysicsSystem.h">
      <Filter>Physics</Filter>
    </ClInclude>
    <ClInclude Include="Particles.h">
      <Filter>Physics</Filter>
    </ClInclude>
    <ClInclude Include="ParticleContact.h">
      <Filter>Physics</Filter>
    </ClInclude>
    <ClInclude Include="RigidBody.h">
      <Filter>Physics</Filter>
    </ClInclude>
    <ClInclude Include="ForceGenerator.h" />
  </ItemGroup>
  <ItemGroup>
    <ClCompile Include="pch.cpp" />
    <ClCompile Include="Game.cpp" />
    <ClCompile Include="Main.cpp" />
    <ClCompile Include="GameObject.cpp" />
    <ClCompile Include="Entity.cpp" />
    <ClCompile Include="Math.cpp" />
    <ClCompile Include="guicon.cpp" />
    <ClCompile Include="Camera.cpp" />
    <ClCompile Include="MovingEntity.cpp" />
    <ClCompile Include="Bot.cpp" />
    <ClCompile Include="Keyboard\KeyboardClass.cpp">
      <Filter>Keyboard</Filter>
    </ClCompile>
    <ClCompile Include="Keyboard\KeyboardEvent.cpp">
      <Filter>Keyboard</Filter>
    </ClCompile>
    <ClCompile Include="Graphics\Graphics.cpp" />
    <ClCompile Include="Vertex.cpp" />
    <ClCompile Include="Shaders.cpp" />
    <ClCompile Include="Timer.cpp" />
    <ClCompile Include="Imgui\imgui_draw.cpp">
      <Filter>Imgui</Filter>
    </ClCompile>
    <ClCompile Include="Imgui\imgui_impl_dx11.cpp">
      <Filter>Imgui</Filter>
    </ClCompile>
    <ClCompile Include="Imgui\imgui_impl_win32.cpp">
      <Filter>Imgui</Filter>
    </ClCompile>
    <ClCompile Include="Imgui\imgui_widgets.cpp">
      <Filter>Imgui</Filter>
    </ClCompile>
    <ClCompile Include="Imgui\imgui.cpp">
      <Filter>Imgui</Filter>
    </ClCompile>
    <ClCompile Include="GameModel.cpp" />
    <ClCompile Include="Mesh.cpp" />
    <ClCompile Include="Texture.cpp" />
    <ClCompile Include="StringHelper.cpp" />
    <ClCompile Include="RenderableGameObject.cpp" />
    <ClCompile Include="Light.cpp" />
    <ClCompile Include="Saitama.cpp" />
    <ClCompile Include="GameObjectFactory.cpp" />
    <ClCompile Include="XMLLoader.cpp" />
    <ClCompile Include="RenderComponent.cpp" />
    <ClCompile Include="TransformComponent.cpp" />
    <ClCompile Include="SceneNode.cpp" />
    <ClCompile Include="Scene.cpp" />
    <ClCompile Include="MatrixStack.cpp" />
    <ClCompile Include="D3DRenderer11.cpp" />
    <ClCompile Include="Lights.cpp" />
    <ClCompile Include="EventManager.cpp">
      <Filter>EventManager</Filter>
    </ClCompile>
    <ClCompile Include="EventManagerImpl.cpp">
      <Filter>EventManager</Filter>
    </ClCompile>
    <ClCompile Include="Events.cpp">
      <Filter>EventManager</Filter>
    </ClCompile>
    <ClCompile Include="MovementController.cpp" />
    <ClCompile Include="SkyNode.cpp" />
    <ClCompile Include="GameLogic.cpp" />
    <ClCompile Include="PhysicsComponent.cpp">
      <Filter>Physics</Filter>
    </ClCompile>
    <ClCompile Include="PhysicsSystem.cpp">
      <Filter>Physics</Filter>
    </ClCompile>
    <ClCompile Include="Particles.cpp">
      <Filter>Physics</Filter>
    </ClCompile>
    <ClCompile Include="ParticleContact.cpp">
      <Filter>Physics</Filter>
    </ClCompile>
    <ClCompile Include="RigidBody.cpp">
      <Filter>Physics</Filter>
    </ClCompile>
    <ClCompile Include="ForceGenerator.cpp" />
  </ItemGroup>
  <ItemGroup>
    <ResourceCompile Include="resource.rc" />
  </ItemGroup>
  <ItemGroup>
    <Image Include="directx.ico">
      <Filter>Assets</Filter>
    </Image>
    <Image Include="roomtexture.dds">
      <Filter>Assets</Filter>
    </Image>
  </ItemGroup>
  <ItemGroup>
    <Manifest Include="settings.manifest">
      <Filter>Assets</Filter>
    </Manifest>
  </ItemGroup>
  <ItemGroup>
    <None Include="packages.config" />
    <None Include="ClassDiagram.cd" />
  </ItemGroup>
  <ItemGroup>
    <FxCompile Include="vertexshader.hlsl" />
    <FxCompile Include="pixelshader.hlsl" />
    <FxCompile Include="pixelshader_nolight.hlsl" />
  </ItemGroup>
</Project>