<?xml version="1.0" encoding="utf-8"?>
<Project ToolsVersion="4.0" xmlns="http://schemas.microsoft.com/developer/msbuild/2003">
  <ItemGroup>
    <Filter Include="Assets">
      <UniqueIdentifier>801378ad-192a-4f78-a323-6fe7b1871a19</UniqueIdentifier>
      <Extensions>ico;cur;bmp;dds;dlg;fbx;rct;bin;rgs;gif;jpg;jpeg;jpe;resx;tga;tiff;tif;png;wav;mfcribbon-ms</Extensions>
    </Filter>
    <Filter Include="Keyboard">
      <UniqueIdentifier>{93ef020d-7b82-4d7e-9799-c8717a112fb6}</UniqueIdentifier>
    </Filter>
  </ItemGroup>
  <ItemGroup>
    <ClInclude Include="pch.h" />
    <ClInclude Include="Game.h" />
    <ClInclude Include="StepTimer.h" />
    <ClInclude Include="GameObject.h" />
    <ClInclude Include="Entity.h" />
    <ClInclude Include="Math.h" />
    <ClInclude Include="guicon.h" />
    <ClInclude Include="Camera.h" />
    <ClInclude Include="MovingEntity.h" />
    <ClInclude Include="Bot.h" />
    <ClInclude Include="Keyboard\KeyboardClass.h">
      <Filter>Keyboard</Filter>
    </ClInclude>
    <ClInclude Include="Keyboard\KeyboardEvent.h">
      <Filter>Keyboard</Filter>
    </ClInclude>
    <ClInclude Include="Graphics\Graphics.h" />
    <ClInclude Include="Vertex.h" />
    <ClInclude Include="Shaders.h" />
    <ClInclude Include="VertexBuffer.h" />
  </ItemGroup>
  <ItemGroup>
    <ClCompile Include="pch.cpp" />
    <ClCompile Include="Game.cpp" />
    <ClCompile Include="Main.cpp" />
    <ClCompile Include="GameObject.cpp" />
    <ClCompile Include="Entity.cpp" />
    <ClCompile Include="Math.cpp" />
    <ClCompile Include="guicon.cpp" />
    <ClCompile Include="Camera.cpp" />
    <ClCompile Include="MovingEntity.cpp" />
    <ClCompile Include="Bot.cpp" />
    <ClCompile Include="Keyboard\KeyboardClass.cpp">
      <Filter>Keyboard</Filter>
    </ClCompile>
    <ClCompile Include="Keyboard\KeyboardEvent.cpp">
      <Filter>Keyboard</Filter>
    </ClCompile>
    <ClCompile Include="Graphics\Graphics.cpp" />
    <ClCompile Include="Vertex.cpp" />
    <ClCompile Include="Shaders.cpp" />
  </ItemGroup>
  <ItemGroup>
    <ResourceCompile Include="resource.rc" />
  </ItemGroup>
  <ItemGroup>
    <Image Include="directx.ico">
      <Filter>Assets</Filter>
    </Image>
    <Image Include="roomtexture.dds">
      <Filter>Assets</Filter>
    </Image>
  </ItemGroup>
  <ItemGroup>
    <Manifest Include="settings.manifest">
      <Filter>Assets</Filter>
    </Manifest>
  </ItemGroup>
  <ItemGroup>
    <None Include="packages.config" />
    <None Include="ClassDiagram.cd" />
  </ItemGroup>
  <ItemGroup>
    <FxCompile Include="vertexshader.hlsl" />
    <FxCompile Include="pixelshader.hlsl" />
  </ItemGroup>
</Project>